
Microsoft Visual Studio Solution File, Format Version 12.00
# Visual Studio Version 16
VisualStudioVersion = 16.0.29324.140
MinimumVisualStudioVersion = 10.0.40219.1
Project("{8BC9CEB8-8B4A-11D0-8D11-00A0C91BC942}") = "Handling_Files", "Handling_Files\Handling_Files.vcxproj", "{ABAB097E-471A-4D5E-B0D7-5FDC1BB8452E}"
EndProject
Global
	GlobalSection(SolutionConfigurationPlatforms) = preSolution
		Debug|x64 = Debug|x64
		Debug|x86 = Debug|x86
		Release|x64 = Release|x64
		Release|x86 = Release|x86
	EndGlobalSection
	GlobalSection(ProjectConfigurationPlatforms) = postSolution
		{ABAB097E-471A-4D5E-B0D7-5FDC1BB8452E}.Debug|x64.ActiveCfg = Debug|x64
		{ABAB097E-471A-4D5E-B0D7-5FDC1BB8452E}.Debug|x64.Build.0 = Debug|x64
		{ABAB097E-471A-4D5E-B0D7-5FDC1BB8452E}.Debug|x86.ActiveCfg = Debug|Win32
		{ABAB097E-471A-4D5E-B0D7-5FDC1BB8452E}.Debug|x86.Build.0 = Debug|Win32
		{ABAB097E-471A-4D5E-B0D7-5FDC1BB8452E}.Release|x64.ActiveCfg = Release|x64
		{ABAB097E-471A-4D5E-B0D7-5FDC1BB8452E}.Release|x64.Build.0 = Release|x64
		{ABAB097E-471A-4D5E-B0D7-5FDC1BB8452E}.Release|x86.ActiveCfg = Release|Win32
		{ABAB097E-471A-4D5E-B0D7-5FDC1BB8452E}.Release|x86.Build.0 = Release|Win32
	EndGlobalSection
	GlobalSection(SolutionProperties) = preSolution
		HideSolutionNode = FALSE
	EndGlobalSection
	GlobalSection(ExtensibilityGlobals) = postSolution
		SolutionGuid = {E538C3C8-C0E7-4615-87F3-10FEC47E680E}
	EndGlobalSection
EndGlobal
