
Microsoft Visual Studio Solution File, Format Version 12.00
# Visual Studio Version 16
VisualStudioVersion = 16.0.29324.140
MinimumVisualStudioVersion = 10.0.40219.1
Project("{8BC9CEB8-8B4A-11D0-8D11-00A0C91BC942}") = "Hash_table", "Hash_table.vcxproj", "{4283BE10-B81A-47EC-AE3B-A667DA5947FC}"
EndProject
Global
	GlobalSection(SolutionConfigurationPlatforms) = preSolution
		Debug|x64 = Debug|x64
		Debug|x86 = Debug|x86
		Release|x64 = Release|x64
		Release|x86 = Release|x86
	EndGlobalSection
	GlobalSection(ProjectConfigurationPlatforms) = postSolution
		{4283BE10-B81A-47EC-AE3B-A667DA5947FC}.Debug|x64.ActiveCfg = Debug|x64
		{4283BE10-B81A-47EC-AE3B-A667DA5947FC}.Debug|x64.Build.0 = Debug|x64
		{4283BE10-B81A-47EC-AE3B-A667DA5947FC}.Debug|x86.ActiveCfg = Debug|Win32
		{4283BE10-B81A-47EC-AE3B-A667DA5947FC}.Debug|x86.Build.0 = Debug|Win32
		{4283BE10-B81A-47EC-AE3B-A667DA5947FC}.Release|x64.ActiveCfg = Release|x64
		{4283BE10-B81A-47EC-AE3B-A667DA5947FC}.Release|x64.Build.0 = Release|x64
		{4283BE10-B81A-47EC-AE3B-A667DA5947FC}.Release|x86.ActiveCfg = Release|Win32
		{4283BE10-B81A-47EC-AE3B-A667DA5947FC}.Release|x86.Build.0 = Release|Win32
	EndGlobalSection
	GlobalSection(SolutionProperties) = preSolution
		HideSolutionNode = FALSE
	EndGlobalSection
	GlobalSection(ExtensibilityGlobals) = postSolution
		SolutionGuid = {0998C23B-6CD1-40C2-82DF-F14EE91A6E75}
	EndGlobalSection
EndGlobal
